
Microsoft Visual Studio Solution File, Format Version 12.00
# Visual Studio 2013
VisualStudioVersion = 12.0.30501.0
MinimumVisualStudioVersion = 10.0.40219.1
Project("{8BC9CEB8-8B4A-11D0-8D11-00A0C91BC942}") = "RRRBot", "RRRBot\RRRBot.vcxproj", "{3DB1C2D8-F3BB-445B-8D8B-8E3D27DAA607}"
	ProjectSection(ProjectDependencies) = postProject
		{17E6E83E-626D-4DDF-A6FE-F816586FBD9F} = {17E6E83E-626D-4DDF-A6FE-F816586FBD9F}
	EndProjectSection
EndProject
Project("{8BC9CEB8-8B4A-11D0-8D11-00A0C91BC942}") = "Core", "Core\Core.vcxproj", "{17E6E83E-626D-4DDF-A6FE-F816586FBD9F}"
	ProjectSection(ProjectDependencies) = postProject
		{E04E2349-16E4-4989-AB4C-A05506D488AC} = {E04E2349-16E4-4989-AB4C-A05506D488AC}
	EndProjectSection
EndProject
Project("{8BC9CEB8-8B4A-11D0-8D11-00A0C91BC942}") = "jsoncpp", "jsoncpp\jsoncpp.vcxproj", "{E04E2349-16E4-4989-AB4C-A05506D488AC}"
EndProject
Global
	GlobalSection(SolutionConfigurationPlatforms) = preSolution
		Debug|Win32 = Debug|Win32
		Release|Win32 = Release|Win32
	EndGlobalSection
	GlobalSection(ProjectConfigurationPlatforms) = postSolution
		{3DB1C2D8-F3BB-445B-8D8B-8E3D27DAA607}.Debug|Win32.ActiveCfg = Debug|Win32
		{3DB1C2D8-F3BB-445B-8D8B-8E3D27DAA607}.Debug|Win32.Build.0 = Debug|Win32
		{3DB1C2D8-F3BB-445B-8D8B-8E3D27DAA607}.Release|Win32.ActiveCfg = Release|Win32
		{3DB1C2D8-F3BB-445B-8D8B-8E3D27DAA607}.Release|Win32.Build.0 = Release|Win32
		{17E6E83E-626D-4DDF-A6FE-F816586FBD9F}.Debug|Win32.ActiveCfg = Debug|Win32
		{17E6E83E-626D-4DDF-A6FE-F816586FBD9F}.Debug|Win32.Build.0 = Debug|Win32
		{17E6E83E-626D-4DDF-A6FE-F816586FBD9F}.Release|Win32.ActiveCfg = Release|Win32
		{17E6E83E-626D-4DDF-A6FE-F816586FBD9F}.Release|Win32.Build.0 = Release|Win32
		{E04E2349-16E4-4989-AB4C-A05506D488AC}.Debug|Win32.ActiveCfg = Debug|Win32
		{E04E2349-16E4-4989-AB4C-A05506D488AC}.Debug|Win32.Build.0 = Debug|Win32
		{E04E2349-16E4-4989-AB4C-A05506D488AC}.Release|Win32.ActiveCfg = Release|Win32
		{E04E2349-16E4-4989-AB4C-A05506D488AC}.Release|Win32.Build.0 = Release|Win32
	EndGlobalSection
	GlobalSection(SolutionProperties) = preSolution
		HideSolutionNode = FALSE
	EndGlobalSection
EndGlobal
