<?xml version="1.0" encoding="Windows-1252"?>
<Project ToolsVersion="12.0" xmlns="http://schemas.microsoft.com/developer/msbuild/2003">
  <ItemGroup>
    <ClCompile Include="..\..\RRRBotCore\src\DllMain.cpp">
      <Filter>Source Files</Filter>
    </ClCompile>
    <ClCompile Include="..\..\RRRBotCore\src\RRRbot.cpp">
      <Filter>Source Files</Filter>
    </ClCompile>
    <ClCompile Include="..\..\RRRBotCore\src\Core.cpp">
      <Filter>Source Files</Filter>
    </ClCompile>
    <ClCompile Include="..\..\RRRBotCore\src\CoreConfigurator.cpp">
      <Filter>Source Files</Filter>
    </ClCompile>
    <ClCompile Include="..\..\RRRBotCore\src\Misc.cpp">
      <Filter>Source Files</Filter>
    </ClCompile>
  </ItemGroup>
  <ItemGroup>
    <ClInclude Include="..\..\RRRBotCore\include\stdafx.h">
      <Filter>Header Files</Filter>
    </ClInclude>
    <ClInclude Include="..\..\RRRBotCore\include\RRRBot.h">
      <Filter>Header Files</Filter>
    </ClInclude>
    <ClInclude Include="..\..\RRRBotCore\include\ICoreApi.h">
      <Filter>Header Files</Filter>
    </ClInclude>
    <ClInclude Include="..\..\RRRBotCore\include\Core.h">
      <Filter>Header Files</Filter>
    </ClInclude>
    <ClInclude Include="..\..\RRRBotCore\include\CoreConfigurator.h">
      <Filter>Header Files</Filter>
    </ClInclude>
    <ClInclude Include="..\..\RRRBotCore\include\Misc.h">
      <Filter>Header Files</Filter>
    </ClInclude>
  </ItemGroup>
  <ItemGroup>
    <CustomBuild Include="..\..\RRRBotCore\CMakeLists.txt" />
  </ItemGroup>
  <ItemGroup>
    <Filter Include="Source Files">
      <UniqueIdentifier>{C2FE452D-777D-4B17-8046-82B86F948FCB}</UniqueIdentifier>
    </Filter>
    <Filter Include="Header Files">
      <UniqueIdentifier>{24D39E5A-F351-45C2-BD54-E8CC71111175}</UniqueIdentifier>
    </Filter>
  </ItemGroup>
</Project>
