<?xml version="1.0" encoding="Windows-1252"?>
<Project ToolsVersion="12.0" xmlns="http://schemas.microsoft.com/developer/msbuild/2003">
  <ItemGroup>
    <CustomBuild Include="..\..\..\CMakeFiles\06146f5dfa717929aeebbc6ecb5f6894\INSTALL_force.rule">
      <Filter>CMake Rules</Filter>
    </CustomBuild>
  </ItemGroup>
  <ItemGroup>
    <Filter Include="CMake Rules">
      <UniqueIdentifier>{B4A213D0-4A8B-4CCA-9068-16A6CC4FAA6C}</UniqueIdentifier>
    </Filter>
  </ItemGroup>
</Project>
